// !$*UTF8*$!
{
	archiveVersion = 1;
	classes = {
	};
	objectVersion = 56;
	objects = {

/* Begin PBXBuildFile section */
		8B0EBEDE29F00268001EC038 /* ScheduleData.swift in Sources */ = {isa = PBXBuildFile; fileRef = 8B0EBEDD29F00268001EC038 /* ScheduleData.swift */; };
		8B1B4E7029F3616C00C2BDF5 /* DateExtension.swift in Sources */ = {isa = PBXBuildFile; fileRef = 8B1B4E6F29F3616C00C2BDF5 /* DateExtension.swift */; };
		8B1B4E7229F3626700C2BDF5 /* ColorExtension.swift in Sources */ = {isa = PBXBuildFile; fileRef = 8B1B4E7129F3626700C2BDF5 /* ColorExtension.swift */; };
		8B1B4E7429F3691100C2BDF5 /* RepositoryView.swift in Sources */ = {isa = PBXBuildFile; fileRef = 8B1B4E7329F3691100C2BDF5 /* RepositoryView.swift */; };
		8B2A2F8029E6C89400D92C52 /* ScheduleItem.swift in Sources */ = {isa = PBXBuildFile; fileRef = 8B2A2F7F29E6C89400D92C52 /* ScheduleItem.swift */; };
		8B4FD24C299B8E2D00ABBB41 /* CalendarView.swift in Sources */ = {isa = PBXBuildFile; fileRef = 8B4FD24B299B8E2D00ABBB41 /* CalendarView.swift */; };
		8B4FD24F299B8F8C00ABBB41 /* ExtentionCalendar.swift in Sources */ = {isa = PBXBuildFile; fileRef = 8B4FD24E299B8F8C00ABBB41 /* ExtentionCalendar.swift */; };
		8B59B7A929F69A0F008CBE02 /* EditScheduleView.swift in Sources */ = {isa = PBXBuildFile; fileRef = 8B59B7A829F69A0F008CBE02 /* EditScheduleView.swift */; };
		8B734B8A29F28A4800FD9C93 /* ScheduleRepository.swift in Sources */ = {isa = PBXBuildFile; fileRef = 8B734B8929F28A4800FD9C93 /* ScheduleRepository.swift */; };
		8B734B8F29F29DB000FD9C93 /* CalendarViewModel.swift in Sources */ = {isa = PBXBuildFile; fileRef = 8B734B8E29F29DB000FD9C93 /* CalendarViewModel.swift */; };
		8B7F33DD29F00BC1006761CB /* ExtentionDate.swift in Sources */ = {isa = PBXBuildFile; fileRef = 8B7F33DC29F00BC1006761CB /* ExtentionDate.swift */; };
		8B850C6F29F3A4CD00557B3A /* DayDetailViewModel.swift in Sources */ = {isa = PBXBuildFile; fileRef = 8B850C6E29F3A4CD00557B3A /* DayDetailViewModel.swift */; };
		8B8AEE2E29E0189F002AAD0D /* CalendarCellItem.swift in Sources */ = {isa = PBXBuildFile; fileRef = 8B8AEE2D29E0189F002AAD0D /* CalendarCellItem.swift */; };
		8BD34F4C29E419EE00C80B93 /* DayScheduleView.swift in Sources */ = {isa = PBXBuildFile; fileRef = 8BD34F4B29E419EE00C80B93 /* DayScheduleView.swift */; };
		8BEF6995299A5C3C00901C05 /* schedule_bookApp.swift in Sources */ = {isa = PBXBuildFile; fileRef = 8BEF6994299A5C3C00901C05 /* schedule_bookApp.swift */; };
		8BEF6999299A5C3D00901C05 /* Assets.xcassets in Resources */ = {isa = PBXBuildFile; fileRef = 8BEF6998299A5C3D00901C05 /* Assets.xcassets */; };
		8BEF699C299A5C3D00901C05 /* Preview Assets.xcassets in Resources */ = {isa = PBXBuildFile; fileRef = 8BEF699B299A5C3D00901C05 /* Preview Assets.xcassets */; };
/* End PBXBuildFile section */

/* Begin PBXFileReference section */
		8B0EBEDD29F00268001EC038 /* ScheduleData.swift */ = {isa = PBXFileReference; lastKnownFileType = sourcecode.swift; path = ScheduleData.swift; sourceTree = "<group>"; };
		8B1B4E6F29F3616C00C2BDF5 /* DateExtension.swift */ = {isa = PBXFileReference; lastKnownFileType = sourcecode.swift; path = DateExtension.swift; sourceTree = "<group>"; };
		8B1B4E7129F3626700C2BDF5 /* ColorExtension.swift */ = {isa = PBXFileReference; lastKnownFileType = sourcecode.swift; path = ColorExtension.swift; sourceTree = "<group>"; };
		8B1B4E7329F3691100C2BDF5 /* RepositoryView.swift */ = {isa = PBXFileReference; lastKnownFileType = sourcecode.swift; path = RepositoryView.swift; sourceTree = "<group>"; };
		8B2A2F7F29E6C89400D92C52 /* ScheduleItem.swift */ = {isa = PBXFileReference; lastKnownFileType = sourcecode.swift; path = ScheduleItem.swift; sourceTree = "<group>"; };
		8B4FD24B299B8E2D00ABBB41 /* CalendarView.swift */ = {isa = PBXFileReference; lastKnownFileType = sourcecode.swift; path = CalendarView.swift; sourceTree = "<group>"; };
		8B4FD24E299B8F8C00ABBB41 /* ExtentionCalendar.swift */ = {isa = PBXFileReference; lastKnownFileType = sourcecode.swift; path = ExtentionCalendar.swift; sourceTree = "<group>"; };
		8B59B7A829F69A0F008CBE02 /* EditScheduleView.swift */ = {isa = PBXFileReference; lastKnownFileType = sourcecode.swift; path = EditScheduleView.swift; sourceTree = "<group>"; };
		8B734B8929F28A4800FD9C93 /* ScheduleRepository.swift */ = {isa = PBXFileReference; lastKnownFileType = sourcecode.swift; path = ScheduleRepository.swift; sourceTree = "<group>"; };
		8B734B8E29F29DB000FD9C93 /* CalendarViewModel.swift */ = {isa = PBXFileReference; lastKnownFileType = sourcecode.swift; path = CalendarViewModel.swift; sourceTree = "<group>"; };
		8B7F33DC29F00BC1006761CB /* ExtentionDate.swift */ = {isa = PBXFileReference; lastKnownFileType = sourcecode.swift; path = ExtentionDate.swift; sourceTree = "<group>"; };
		8B850C6E29F3A4CD00557B3A /* DayDetailViewModel.swift */ = {isa = PBXFileReference; lastKnownFileType = sourcecode.swift; path = DayDetailViewModel.swift; sourceTree = "<group>"; };
		8B8AEE2D29E0189F002AAD0D /* CalendarCellItem.swift */ = {isa = PBXFileReference; lastKnownFileType = sourcecode.swift; path = CalendarCellItem.swift; sourceTree = "<group>"; };
		8BD34F4B29E419EE00C80B93 /* DayScheduleView.swift */ = {isa = PBXFileReference; lastKnownFileType = sourcecode.swift; path = DayScheduleView.swift; sourceTree = "<group>"; };
		8BEF6991299A5C3C00901C05 /* schedule-book.app */ = {isa = PBXFileReference; explicitFileType = wrapper.application; includeInIndex = 0; path = "schedule-book.app"; sourceTree = BUILT_PRODUCTS_DIR; };
		8BEF6994299A5C3C00901C05 /* schedule_bookApp.swift */ = {isa = PBXFileReference; lastKnownFileType = sourcecode.swift; path = schedule_bookApp.swift; sourceTree = "<group>"; };
		8BEF6998299A5C3D00901C05 /* Assets.xcassets */ = {isa = PBXFileReference; lastKnownFileType = folder.assetcatalog; path = Assets.xcassets; sourceTree = "<group>"; };
		8BEF699B299A5C3D00901C05 /* Preview Assets.xcassets */ = {isa = PBXFileReference; lastKnownFileType = folder.assetcatalog; path = "Preview Assets.xcassets"; sourceTree = "<group>"; };
/* End PBXFileReference section */

/* Begin PBXFrameworksBuildPhase section */
		8BEF698E299A5C3C00901C05 /* Frameworks */ = {
			isa = PBXFrameworksBuildPhase;
			buildActionMask = 2147483647;
			files = (
			);
			runOnlyForDeploymentPostprocessing = 0;
		};
/* End PBXFrameworksBuildPhase section */

/* Begin PBXGroup section */
		8B0EBEDB29F001BE001EC038 /* View */ = {
			isa = PBXGroup;
			children = (
				8BD34F4A29E4168500C80B93 /* Calendar */,
			);
			path = View;
			sourceTree = "<group>";
		};
		8B0EBEDC29F001EA001EC038 /* Models */ = {
			isa = PBXGroup;
			children = (
				8B4FD24D299B8F7E00ABBB41 /* extention */,
				8B0EBEDD29F00268001EC038 /* ScheduleData.swift */,
				8B734B8929F28A4800FD9C93 /* ScheduleRepository.swift */,
			);
			path = Models;
			sourceTree = "<group>";
		};
		8B1B4E6E29F3602300C2BDF5 /*  Fundamentals */ = {
			isa = PBXGroup;
			children = (
				8B1B4E6F29F3616C00C2BDF5 /* DateExtension.swift */,
				8B1B4E7129F3626700C2BDF5 /* ColorExtension.swift */,
			);
			path = " Fundamentals";
			sourceTree = "<group>";
		};
		8B4FD24D299B8F7E00ABBB41 /* extention */ = {
			isa = PBXGroup;
			children = (
				8B4FD24E299B8F8C00ABBB41 /* ExtentionCalendar.swift */,
				8B7F33DC29F00BC1006761CB /* ExtentionDate.swift */,
			);
			path = extention;
			sourceTree = "<group>";
		};
		8B734B8B29F29C3E00FD9C93 /* ViewModels */ = {
			isa = PBXGroup;
			children = (
				8B734B8E29F29DB000FD9C93 /* CalendarViewModel.swift */,
				8B850C6E29F3A4CD00557B3A /* DayDetailViewModel.swift */,
			);
			path = ViewModels;
			sourceTree = "<group>";
		};
		8BD34F4A29E4168500C80B93 /* Calendar */ = {
			isa = PBXGroup;
			children = (
				8B4FD24B299B8E2D00ABBB41 /* CalendarView.swift */,
				8B8AEE2D29E0189F002AAD0D /* CalendarCellItem.swift */,
				8BD34F4B29E419EE00C80B93 /* DayScheduleView.swift */,
				8B2A2F7F29E6C89400D92C52 /* ScheduleItem.swift */,
				8B1B4E7329F3691100C2BDF5 /* RepositoryView.swift */,
				8B59B7A829F69A0F008CBE02 /* EditScheduleView.swift */,
			);
			path = Calendar;
			sourceTree = "<group>";
		};
		8BEF6988299A5C3B00901C05 = {
			isa = PBXGroup;
			children = (
				8BEF6993299A5C3C00901C05 /* schedule-book */,
				8BEF6992299A5C3C00901C05 /* Products */,
			);
			sourceTree = "<group>";
			usesTabs = 0;
		};
		8BEF6992299A5C3C00901C05 /* Products */ = {
			isa = PBXGroup;
			children = (
				8BEF6991299A5C3C00901C05 /* schedule-book.app */,
			);
			name = Products;
			sourceTree = "<group>";
		};
		8BEF6993299A5C3C00901C05 /* schedule-book */ = {
			isa = PBXGroup;
			children = (
				8B1B4E6E29F3602300C2BDF5 /*  Fundamentals */,
				8BEF6994299A5C3C00901C05 /* schedule_bookApp.swift */,
				8B0EBEDC29F001EA001EC038 /* Models */,
				8B0EBEDB29F001BE001EC038 /* View */,
				8B734B8B29F29C3E00FD9C93 /* ViewModels */,
				8BEF6998299A5C3D00901C05 /* Assets.xcassets */,
				8BEF699A299A5C3D00901C05 /* Preview Content */,
			);
			path = "schedule-book";
			sourceTree = "<group>";
		};
		8BEF699A299A5C3D00901C05 /* Preview Content */ = {
			isa = PBXGroup;
			children = (
				8BEF699B299A5C3D00901C05 /* Preview Assets.xcassets */,
			);
			path = "Preview Content";
			sourceTree = "<group>";
		};
/* End PBXGroup section */

/* Begin PBXNativeTarget section */
		8BEF6990299A5C3C00901C05 /* schedule-book */ = {
			isa = PBXNativeTarget;
			buildConfigurationList = 8BEF699F299A5C3D00901C05 /* Build configuration list for PBXNativeTarget "schedule-book" */;
			buildPhases = (
				8BEF698D299A5C3C00901C05 /* Sources */,
				8BEF698E299A5C3C00901C05 /* Frameworks */,
				8BEF698F299A5C3C00901C05 /* Resources */,
			);
			buildRules = (
			);
			dependencies = (
			);
			name = "schedule-book";
			productName = "schedule-book";
			productReference = 8BEF6991299A5C3C00901C05 /* schedule-book.app */;
			productType = "com.apple.product-type.application";
		};
/* End PBXNativeTarget section */

/* Begin PBXProject section */
		8BEF6989299A5C3B00901C05 /* Project object */ = {
			isa = PBXProject;
			attributes = {
				BuildIndependentTargetsInParallel = 1;
				LastSwiftUpdateCheck = 1420;
				LastUpgradeCheck = 1420;
				TargetAttributes = {
					8BEF6990299A5C3C00901C05 = {
						CreatedOnToolsVersion = 14.2;
					};
				};
			};
			buildConfigurationList = 8BEF698C299A5C3B00901C05 /* Build configuration list for PBXProject "schedule-book" */;
			compatibilityVersion = "Xcode 14.0";
			developmentRegion = en;
			hasScannedForEncodings = 0;
			knownRegions = (
				en,
				Base,
			);
			mainGroup = 8BEF6988299A5C3B00901C05;
			productRefGroup = 8BEF6992299A5C3C00901C05 /* Products */;
			projectDirPath = "";
			projectRoot = "";
			targets = (
				8BEF6990299A5C3C00901C05 /* schedule-book */,
			);
		};
/* End PBXProject section */

/* Begin PBXResourcesBuildPhase section */
		8BEF698F299A5C3C00901C05 /* Resources */ = {
			isa = PBXResourcesBuildPhase;
			buildActionMask = 2147483647;
			files = (
				8BEF699C299A5C3D00901C05 /* Preview Assets.xcassets in Resources */,
				8BEF6999299A5C3D00901C05 /* Assets.xcassets in Resources */,
			);
			runOnlyForDeploymentPostprocessing = 0;
		};
/* End PBXResourcesBuildPhase section */

/* Begin PBXSourcesBuildPhase section */
		8BEF698D299A5C3C00901C05 /* Sources */ = {
			isa = PBXSourcesBuildPhase;
			buildActionMask = 2147483647;
			files = (
				8B1B4E7229F3626700C2BDF5 /* ColorExtension.swift in Sources */,
				8B1B4E7429F3691100C2BDF5 /* RepositoryView.swift in Sources */,
				8B59B7A929F69A0F008CBE02 /* EditScheduleView.swift in Sources */,
				8B850C6F29F3A4CD00557B3A /* DayDetailViewModel.swift in Sources */,
				8B2A2F8029E6C89400D92C52 /* ScheduleItem.swift in Sources */,
				8B1B4E7029F3616C00C2BDF5 /* DateExtension.swift in Sources */,
				8B8AEE2E29E0189F002AAD0D /* CalendarCellItem.swift in Sources */,
				8B7F33DD29F00BC1006761CB /* ExtentionDate.swift in Sources */,
				8BEF6995299A5C3C00901C05 /* schedule_bookApp.swift in Sources */,
				8B734B8F29F29DB000FD9C93 /* CalendarViewModel.swift in Sources */,
				8B0EBEDE29F00268001EC038 /* ScheduleData.swift in Sources */,
				8B734B8A29F28A4800FD9C93 /* ScheduleRepository.swift in Sources */,
				8BD34F4C29E419EE00C80B93 /* DayScheduleView.swift in Sources */,
				8B4FD24F299B8F8C00ABBB41 /* ExtentionCalendar.swift in Sources */,
				8B4FD24C299B8E2D00ABBB41 /* CalendarView.swift in Sources */,
			);
			runOnlyForDeploymentPostprocessing = 0;
		};
/* End PBXSourcesBuildPhase section */

/* Begin XCBuildConfiguration section */
		8BEF699D299A5C3D00901C05 /* Debug */ = {
			isa = XCBuildConfiguration;
			buildSettings = {
				ALWAYS_SEARCH_USER_PATHS = NO;
				CLANG_ANALYZER_NONNULL = YES;
				CLANG_ANALYZER_NUMBER_OBJECT_CONVERSION = YES_AGGRESSIVE;
				CLANG_CXX_LANGUAGE_STANDARD = "gnu++20";
				CLANG_ENABLE_MODULES = YES;
				CLANG_ENABLE_OBJC_ARC = YES;
				CLANG_ENABLE_OBJC_WEAK = YES;
				CLANG_WARN_BLOCK_CAPTURE_AUTORELEASING = YES;
				CLANG_WARN_BOOL_CONVERSION = YES;
				CLANG_WARN_COMMA = YES;
				CLANG_WARN_CONSTANT_CONVERSION = YES;
				CLANG_WARN_DEPRECATED_OBJC_IMPLEMENTATIONS = YES;
				CLANG_WARN_DIRECT_OBJC_ISA_USAGE = YES_ERROR;
				CLANG_WARN_DOCUMENTATION_COMMENTS = YES;
				CLANG_WARN_EMPTY_BODY = YES;
				CLANG_WARN_ENUM_CONVERSION = YES;
				CLANG_WARN_INFINITE_RECURSION = YES;
				CLANG_WARN_INT_CONVERSION = YES;
				CLANG_WARN_NON_LITERAL_NULL_CONVERSION = YES;
				CLANG_WARN_OBJC_IMPLICIT_RETAIN_SELF = YES;
				CLANG_WARN_OBJC_LITERAL_CONVERSION = YES;
				CLANG_WARN_OBJC_ROOT_CLASS = YES_ERROR;
				CLANG_WARN_QUOTED_INCLUDE_IN_FRAMEWORK_HEADER = YES;
				CLANG_WARN_RANGE_LOOP_ANALYSIS = YES;
				CLANG_WARN_STRICT_PROTOTYPES = YES;
				CLANG_WARN_SUSPICIOUS_MOVE = YES;
				CLANG_WARN_UNGUARDED_AVAILABILITY = YES_AGGRESSIVE;
				CLANG_WARN_UNREACHABLE_CODE = YES;
				CLANG_WARN__DUPLICATE_METHOD_MATCH = YES;
				COPY_PHASE_STRIP = NO;
				DEBUG_INFORMATION_FORMAT = dwarf;
				ENABLE_STRICT_OBJC_MSGSEND = YES;
				ENABLE_TESTABILITY = YES;
				GCC_C_LANGUAGE_STANDARD = gnu11;
				GCC_DYNAMIC_NO_PIC = NO;
				GCC_NO_COMMON_BLOCKS = YES;
				GCC_OPTIMIZATION_LEVEL = 0;
				GCC_PREPROCESSOR_DEFINITIONS = (
					"DEBUG=1",
					"$(inherited)",
				);
				GCC_WARN_64_TO_32_BIT_CONVERSION = YES;
				GCC_WARN_ABOUT_RETURN_TYPE = YES_ERROR;
				GCC_WARN_UNDECLARED_SELECTOR = YES;
				GCC_WARN_UNINITIALIZED_AUTOS = YES_AGGRESSIVE;
				GCC_WARN_UNUSED_FUNCTION = YES;
				GCC_WARN_UNUSED_VARIABLE = YES;
				IPHONEOS_DEPLOYMENT_TARGET = 16.2;
				MTL_ENABLE_DEBUG_INFO = INCLUDE_SOURCE;
				MTL_FAST_MATH = YES;
				ONLY_ACTIVE_ARCH = YES;
				SDKROOT = iphoneos;
				SWIFT_ACTIVE_COMPILATION_CONDITIONS = DEBUG;
				SWIFT_OPTIMIZATION_LEVEL = "-Onone";
			};
			name = Debug;
		};
		8BEF699E299A5C3D00901C05 /* Release */ = {
			isa = XCBuildConfiguration;
			buildSettings = {
				ALWAYS_SEARCH_USER_PATHS = NO;
				CLANG_ANALYZER_NONNULL = YES;
				CLANG_ANALYZER_NUMBER_OBJECT_CONVERSION = YES_AGGRESSIVE;
				CLANG_CXX_LANGUAGE_STANDARD = "gnu++20";
				CLANG_ENABLE_MODULES = YES;
				CLANG_ENABLE_OBJC_ARC = YES;
				CLANG_ENABLE_OBJC_WEAK = YES;
				CLANG_WARN_BLOCK_CAPTURE_AUTORELEASING = YES;
				CLANG_WARN_BOOL_CONVERSION = YES;
				CLANG_WARN_COMMA = YES;
				CLANG_WARN_CONSTANT_CONVERSION = YES;
				CLANG_WARN_DEPRECATED_OBJC_IMPLEMENTATIONS = YES;
				CLANG_WARN_DIRECT_OBJC_ISA_USAGE = YES_ERROR;
				CLANG_WARN_DOCUMENTATION_COMMENTS = YES;
				CLANG_WARN_EMPTY_BODY = YES;
				CLANG_WARN_ENUM_CONVERSION = YES;
				CLANG_WARN_INFINITE_RECURSION = YES;
				CLANG_WARN_INT_CONVERSION = YES;
				CLANG_WARN_NON_LITERAL_NULL_CONVERSION = YES;
				CLANG_WARN_OBJC_IMPLICIT_RETAIN_SELF = YES;
				CLANG_WARN_OBJC_LITERAL_CONVERSION = YES;
				CLANG_WARN_OBJC_ROOT_CLASS = YES_ERROR;
				CLANG_WARN_QUOTED_INCLUDE_IN_FRAMEWORK_HEADER = YES;
				CLANG_WARN_RANGE_LOOP_ANALYSIS = YES;
				CLANG_WARN_STRICT_PROTOTYPES = YES;
				CLANG_WARN_SUSPICIOUS_MOVE = YES;
				CLANG_WARN_UNGUARDED_AVAILABILITY = YES_AGGRESSIVE;
				CLANG_WARN_UNREACHABLE_CODE = YES;
				CLANG_WARN__DUPLICATE_METHOD_MATCH = YES;
				COPY_PHASE_STRIP = NO;
				DEBUG_INFORMATION_FORMAT = "dwarf-with-dsym";
				ENABLE_NS_ASSERTIONS = NO;
				ENABLE_STRICT_OBJC_MSGSEND = YES;
				GCC_C_LANGUAGE_STANDARD = gnu11;
				GCC_NO_COMMON_BLOCKS = YES;
				GCC_WARN_64_TO_32_BIT_CONVERSION = YES;
				GCC_WARN_ABOUT_RETURN_TYPE = YES_ERROR;
				GCC_WARN_UNDECLARED_SELECTOR = YES;
				GCC_WARN_UNINITIALIZED_AUTOS = YES_AGGRESSIVE;
				GCC_WARN_UNUSED_FUNCTION = YES;
				GCC_WARN_UNUSED_VARIABLE = YES;
				IPHONEOS_DEPLOYMENT_TARGET = 16.2;
				MTL_ENABLE_DEBUG_INFO = NO;
				MTL_FAST_MATH = YES;
				SDKROOT = iphoneos;
				SWIFT_COMPILATION_MODE = wholemodule;
				SWIFT_OPTIMIZATION_LEVEL = "-O";
				VALIDATE_PRODUCT = YES;
			};
			name = Release;
		};
		8BEF69A0299A5C3D00901C05 /* Debug */ = {
			isa = XCBuildConfiguration;
			buildSettings = {
				ASSETCATALOG_COMPILER_APPICON_NAME = AppIcon;
				ASSETCATALOG_COMPILER_GLOBAL_ACCENT_COLOR_NAME = AccentColor;
				CODE_SIGN_STYLE = Automatic;
				CURRENT_PROJECT_VERSION = 1;
				DEVELOPMENT_ASSET_PATHS = "\"schedule-book/Preview Content\"";
				ENABLE_PREVIEWS = YES;
				GENERATE_INFOPLIST_FILE = YES;
				INFOPLIST_KEY_UIApplicationSceneManifest_Generation = YES;
				INFOPLIST_KEY_UIApplicationSupportsIndirectInputEvents = YES;
				INFOPLIST_KEY_UILaunchScreen_Generation = YES;
				INFOPLIST_KEY_UISupportedInterfaceOrientations_iPad = "UIInterfaceOrientationPortrait UIInterfaceOrientationPortraitUpsideDown UIInterfaceOrientationLandscapeLeft UIInterfaceOrientationLandscapeRight";
				INFOPLIST_KEY_UISupportedInterfaceOrientations_iPhone = "UIInterfaceOrientationPortrait UIInterfaceOrientationLandscapeLeft UIInterfaceOrientationLandscapeRight";
				LD_RUNPATH_SEARCH_PATHS = (
					"$(inherited)",
					"@executable_path/Frameworks",
				);
				MARKETING_VERSION = 1.0;
				PRODUCT_BUNDLE_IDENTIFIER = "mshima.schedule-book";
				PRODUCT_NAME = "$(TARGET_NAME)";
				SWIFT_EMIT_LOC_STRINGS = YES;
				SWIFT_VERSION = 5.0;
				TARGETED_DEVICE_FAMILY = "1,2";
			};
			name = Debug;
		};
		8BEF69A1299A5C3D00901C05 /* Release */ = {
			isa = XCBuildConfiguration;
			buildSettings = {
				ASSETCATALOG_COMPILER_APPICON_NAME = AppIcon;
				ASSETCATALOG_COMPILER_GLOBAL_ACCENT_COLOR_NAME = AccentColor;
				CODE_SIGN_STYLE = Automatic;
				CURRENT_PROJECT_VERSION = 1;
				DEVELOPMENT_ASSET_PATHS = "\"schedule-book/Preview Content\"";
				ENABLE_PREVIEWS = YES;
				GENERATE_INFOPLIST_FILE = YES;
				INFOPLIST_KEY_UIApplicationSceneManifest_Generation = YES;
				INFOPLIST_KEY_UIApplicationSupportsIndirectInputEvents = YES;
				INFOPLIST_KEY_UILaunchScreen_Generation = YES;
				INFOPLIST_KEY_UISupportedInterfaceOrientations_iPad = "UIInterfaceOrientationPortrait UIInterfaceOrientationPortraitUpsideDown UIInterfaceOrientationLandscapeLeft UIInterfaceOrientationLandscapeRight";
				INFOPLIST_KEY_UISupportedInterfaceOrientations_iPhone = "UIInterfaceOrientationPortrait UIInterfaceOrientationLandscapeLeft UIInterfaceOrientationLandscapeRight";
				LD_RUNPATH_SEARCH_PATHS = (
					"$(inherited)",
					"@executable_path/Frameworks",
				);
				MARKETING_VERSION = 1.0;
				PRODUCT_BUNDLE_IDENTIFIER = "mshima.schedule-book";
				PRODUCT_NAME = "$(TARGET_NAME)";
				SWIFT_EMIT_LOC_STRINGS = YES;
				SWIFT_VERSION = 5.0;
				TARGETED_DEVICE_FAMILY = "1,2";
			};
			name = Release;
		};
/* End XCBuildConfiguration section */

/* Begin XCConfigurationList section */
		8BEF698C299A5C3B00901C05 /* Build configuration list for PBXProject "schedule-book" */ = {
			isa = XCConfigurationList;
			buildConfigurations = (
				8BEF699D299A5C3D00901C05 /* Debug */,
				8BEF699E299A5C3D00901C05 /* Release */,
			);
			defaultConfigurationIsVisible = 0;
			defaultConfigurationName = Release;
		};
		8BEF699F299A5C3D00901C05 /* Build configuration list for PBXNativeTarget "schedule-book" */ = {
			isa = XCConfigurationList;
			buildConfigurations = (
				8BEF69A0299A5C3D00901C05 /* Debug */,
				8BEF69A1299A5C3D00901C05 /* Release */,
			);
			defaultConfigurationIsVisible = 0;
			defaultConfigurationName = Release;
		};
/* End XCConfigurationList section */
	};
	rootObject = 8BEF6989299A5C3B00901C05 /* Project object */;
}
